// !$*UTF8*$!
{
	archiveVersion = 1;
	classes = {
	};
	objectVersion = 56;
	objects = {

/* Begin PBXBuildFile section */
		828AB6522A84C8F300E823BF /* AppDelegate.swift in Sources */ = {isa = PBXBuildFile; fileRef = 828AB6512A84C8F300E823BF /* AppDelegate.swift */; };
		828AB6542A84C8F300E823BF /* SceneDelegate.swift in Sources */ = {isa = PBXBuildFile; fileRef = 828AB6532A84C8F300E823BF /* SceneDelegate.swift */; };
		828AB6562A84C8F300E823BF /* ViewController.swift in Sources */ = {isa = PBXBuildFile; fileRef = 828AB6552A84C8F300E823BF /* ViewController.swift */; };
		828AB6592A84C8F300E823BF /* Main.storyboard in Resources */ = {isa = PBXBuildFile; fileRef = 828AB6572A84C8F300E823BF /* Main.storyboard */; };
		828AB65B2A84C8F400E823BF /* Assets.xcassets in Resources */ = {isa = PBXBuildFile; fileRef = 828AB65A2A84C8F400E823BF /* Assets.xcassets */; };
		828AB65E2A84C8F400E823BF /* LaunchScreen.storyboard in Resources */ = {isa = PBXBuildFile; fileRef = 828AB65C2A84C8F400E823BF /* LaunchScreen.storyboard */; };
		828AB6692A84C8F400E823BF /* Embeded_SoftwareTests.swift in Sources */ = {isa = PBXBuildFile; fileRef = 828AB6682A84C8F400E823BF /* Embeded_SoftwareTests.swift */; };
		828AB6732A84C8F400E823BF /* Embeded_SoftwareUITests.swift in Sources */ = {isa = PBXBuildFile; fileRef = 828AB6722A84C8F400E823BF /* Embeded_SoftwareUITests.swift */; };
		828AB6752A84C8F400E823BF /* Embeded_SoftwareUITestsLaunchTests.swift in Sources */ = {isa = PBXBuildFile; fileRef = 828AB6742A84C8F400E823BF /* Embeded_SoftwareUITestsLaunchTests.swift */; };
/* End PBXBuildFile section */

/* Begin PBXContainerItemProxy section */
		828AB6652A84C8F400E823BF /* PBXContainerItemProxy */ = {
			isa = PBXContainerItemProxy;
			containerPortal = 828AB6462A84C8F300E823BF /* Project object */;
			proxyType = 1;
			remoteGlobalIDString = 828AB64D2A84C8F300E823BF;
			remoteInfo = Embeded_Software;
		};
		828AB66F2A84C8F400E823BF /* PBXContainerItemProxy */ = {
			isa = PBXContainerItemProxy;
			containerPortal = 828AB6462A84C8F300E823BF /* Project object */;
			proxyType = 1;
			remoteGlobalIDString = 828AB64D2A84C8F300E823BF;
			remoteInfo = Embeded_Software;
		};
/* End PBXContainerItemProxy section */

/* Begin PBXFileReference section */
		828AB64E2A84C8F300E823BF /* Embeded_Software.app */ = {isa = PBXFileReference; explicitFileType = wrapper.application; includeInIndex = 0; path = Embeded_Software.app; sourceTree = BUILT_PRODUCTS_DIR; };
		828AB6512A84C8F300E823BF /* AppDelegate.swift */ = {isa = PBXFileReference; lastKnownFileType = sourcecode.swift; path = AppDelegate.swift; sourceTree = "<group>"; };
		828AB6532A84C8F300E823BF /* SceneDelegate.swift */ = {isa = PBXFileReference; lastKnownFileType = sourcecode.swift; path = SceneDelegate.swift; sourceTree = "<group>"; };
		828AB6552A84C8F300E823BF /* ViewController.swift */ = {isa = PBXFileReference; lastKnownFileType = sourcecode.swift; path = ViewController.swift; sourceTree = "<group>"; };
		828AB6582A84C8F300E823BF /* Base */ = {isa = PBXFileReference; lastKnownFileType = file.storyboard; name = Base; path = Base.lproj/Main.storyboard; sourceTree = "<group>"; };
		828AB65A2A84C8F400E823BF /* Assets.xcassets */ = {isa = PBXFileReference; lastKnownFileType = folder.assetcatalog; path = Assets.xcassets; sourceTree = "<group>"; };
		828AB65D2A84C8F400E823BF /* Base */ = {isa = PBXFileReference; lastKnownFileType = file.storyboard; name = Base; path = Base.lproj/LaunchScreen.storyboard; sourceTree = "<group>"; };
		828AB65F2A84C8F400E823BF /* Info.plist */ = {isa = PBXFileReference; lastKnownFileType = text.plist.xml; path = Info.plist; sourceTree = "<group>"; };
		828AB6642A84C8F400E823BF /* Embeded_SoftwareTests.xctest */ = {isa = PBXFileReference; explicitFileType = wrapper.cfbundle; includeInIndex = 0; path = Embeded_SoftwareTests.xctest; sourceTree = BUILT_PRODUCTS_DIR; };
		828AB6682A84C8F400E823BF /* Embeded_SoftwareTests.swift */ = {isa = PBXFileReference; lastKnownFileType = sourcecode.swift; path = Embeded_SoftwareTests.swift; sourceTree = "<group>"; };
		828AB66E2A84C8F400E823BF /* Embeded_SoftwareUITests.xctest */ = {isa = PBXFileReference; explicitFileType = wrapper.cfbundle; includeInIndex = 0; path = Embeded_SoftwareUITests.xctest; sourceTree = BUILT_PRODUCTS_DIR; };
		828AB6722A84C8F400E823BF /* Embeded_SoftwareUITests.swift */ = {isa = PBXFileReference; lastKnownFileType = sourcecode.swift; path = Embeded_SoftwareUITests.swift; sourceTree = "<group>"; };
		828AB6742A84C8F400E823BF /* Embeded_SoftwareUITestsLaunchTests.swift */ = {isa = PBXFileReference; lastKnownFileType = sourcecode.swift; path = Embeded_SoftwareUITestsLaunchTests.swift; sourceTree = "<group>"; };
/* End PBXFileReference section */

/* Begin PBXFrameworksBuildPhase section */
		828AB64B2A84C8F300E823BF /* Frameworks */ = {
			isa = PBXFrameworksBuildPhase;
			buildActionMask = 2147483647;
			files = (
			);
			runOnlyForDeploymentPostprocessing = 0;
		};
		828AB6612A84C8F400E823BF /* Frameworks */ = {
			isa = PBXFrameworksBuildPhase;
			buildActionMask = 2147483647;
			files = (
			);
			runOnlyForDeploymentPostprocessing = 0;
		};
		828AB66B2A84C8F400E823BF /* Frameworks */ = {
			isa = PBXFrameworksBuildPhase;
			buildActionMask = 2147483647;
			files = (
			);
			runOnlyForDeploymentPostprocessing = 0;
		};
/* End PBXFrameworksBuildPhase section */

/* Begin PBXGroup section */
		828AB6452A84C8F300E823BF = {
			isa = PBXGroup;
			children = (
				828AB6502A84C8F300E823BF /* Embeded_Software */,
				828AB6672A84C8F400E823BF /* Embeded_SoftwareTests */,
				828AB6712A84C8F400E823BF /* Embeded_SoftwareUITests */,
				828AB64F2A84C8F300E823BF /* Products */,
			);
			sourceTree = "<group>";
		};
		828AB64F2A84C8F300E823BF /* Products */ = {
			isa = PBXGroup;
			children = (
				828AB64E2A84C8F300E823BF /* Embeded_Software.app */,
				828AB6642A84C8F400E823BF /* Embeded_SoftwareTests.xctest */,
				828AB66E2A84C8F400E823BF /* Embeded_SoftwareUITests.xctest */,
			);
			name = Products;
			sourceTree = "<group>";
		};
		828AB6502A84C8F300E823BF /* Embeded_Software */ = {
			isa = PBXGroup;
			children = (
				828AB6512A84C8F300E823BF /* AppDelegate.swift */,
				828AB6532A84C8F300E823BF /* SceneDelegate.swift */,
				828AB6552A84C8F300E823BF /* ViewController.swift */,
				828AB6572A84C8F300E823BF /* Main.storyboard */,
				828AB65A2A84C8F400E823BF /* Assets.xcassets */,
				828AB65C2A84C8F400E823BF /* LaunchScreen.storyboard */,
				828AB65F2A84C8F400E823BF /* Info.plist */,
			);
			path = Embeded_Software;
			sourceTree = "<group>";
		};
		828AB6672A84C8F400E823BF /* Embeded_SoftwareTests */ = {
			isa = PBXGroup;
			children = (
				828AB6682A84C8F400E823BF /* Embeded_SoftwareTests.swift */,
			);
			path = Embeded_SoftwareTests;
			sourceTree = "<group>";
		};
		828AB6712A84C8F400E823BF /* Embeded_SoftwareUITests */ = {
			isa = PBXGroup;
			children = (
				828AB6722A84C8F400E823BF /* Embeded_SoftwareUITests.swift */,
				828AB6742A84C8F400E823BF /* Embeded_SoftwareUITestsLaunchTests.swift */,
			);
			path = Embeded_SoftwareUITests;
			sourceTree = "<group>";
		};
/* End PBXGroup section */

/* Begin PBXNativeTarget section */
		828AB64D2A84C8F300E823BF /* Embeded_Software */ = {
			isa = PBXNativeTarget;
			buildConfigurationList = 828AB6782A84C8F400E823BF /* Build configuration list for PBXNativeTarget "Embeded_Software" */;
			buildPhases = (
				828AB64A2A84C8F300E823BF /* Sources */,
				828AB64B2A84C8F300E823BF /* Frameworks */,
				828AB64C2A84C8F300E823BF /* Resources */,
			);
			buildRules = (
			);
			dependencies = (
			);
			name = Embeded_Software;
			productName = Embeded_Software;
			productReference = 828AB64E2A84C8F300E823BF /* Embeded_Software.app */;
			productType = "com.apple.product-type.application";
		};
		828AB6632A84C8F400E823BF /* Embeded_SoftwareTests */ = {
			isa = PBXNativeTarget;
			buildConfigurationList = 828AB67B2A84C8F400E823BF /* Build configuration list for PBXNativeTarget "Embeded_SoftwareTests" */;
			buildPhases = (
				828AB6602A84C8F400E823BF /* Sources */,
				828AB6612A84C8F400E823BF /* Frameworks */,
				828AB6622A84C8F400E823BF /* Resources */,
			);
			buildRules = (
			);
			dependencies = (
				828AB6662A84C8F400E823BF /* PBXTargetDependency */,
			);
			name = Embeded_SoftwareTests;
			productName = Embeded_SoftwareTests;
			productReference = 828AB6642A84C8F400E823BF /* Embeded_SoftwareTests.xctest */;
			productType = "com.apple.product-type.bundle.unit-test";
		};
		828AB66D2A84C8F400E823BF /* Embeded_SoftwareUITests */ = {
			isa = PBXNativeTarget;
			buildConfigurationList = 828AB67E2A84C8F400E823BF /* Build configuration list for PBXNativeTarget "Embeded_SoftwareUITests" */;
			buildPhases = (
				828AB66A2A84C8F400E823BF /* Sources */,
				828AB66B2A84C8F400E823BF /* Frameworks */,
				828AB66C2A84C8F400E823BF /* Resources */,
			);
			buildRules = (
			);
			dependencies = (
				828AB6702A84C8F400E823BF /* PBXTargetDependency */,
			);
			name = Embeded_SoftwareUITests;
			productName = Embeded_SoftwareUITests;
			productReference = 828AB66E2A84C8F400E823BF /* Embeded_SoftwareUITests.xctest */;
			productType = "com.apple.product-type.bundle.ui-testing";
		};
/* End PBXNativeTarget section */

/* Begin PBXProject section */
		828AB6462A84C8F300E823BF /* Project object */ = {
			isa = PBXProject;
			attributes = {
				BuildIndependentTargetsInParallel = 1;
				LastSwiftUpdateCheck = 1430;
				LastUpgradeCheck = 1430;
				TargetAttributes = {
					828AB64D2A84C8F300E823BF = {
						CreatedOnToolsVersion = 14.3.1;
					};
					828AB6632A84C8F400E823BF = {
						CreatedOnToolsVersion = 14.3.1;
						TestTargetID = 828AB64D2A84C8F300E823BF;
					};
					828AB66D2A84C8F400E823BF = {
						CreatedOnToolsVersion = 14.3.1;
						TestTargetID = 828AB64D2A84C8F300E823BF;
					};
				};
			};
			buildConfigurationList = 828AB6492A84C8F300E823BF /* Build configuration list for PBXProject "Embeded_Software" */;
			compatibilityVersion = "Xcode 14.0";
			developmentRegion = en;
			hasScannedForEncodings = 0;
			knownRegions = (
				en,
				Base,
			);
			mainGroup = 828AB6452A84C8F300E823BF;
			productRefGroup = 828AB64F2A84C8F300E823BF /* Products */;
			projectDirPath = "";
			projectRoot = "";
			targets = (
				828AB64D2A84C8F300E823BF /* Embeded_Software */,
				828AB6632A84C8F400E823BF /* Embeded_SoftwareTests */,
				828AB66D2A84C8F400E823BF /* Embeded_SoftwareUITests */,
			);
		};
/* End PBXProject section */

/* Begin PBXResourcesBuildPhase section */
		828AB64C2A84C8F300E823BF /* Resources */ = {
			isa = PBXResourcesBuildPhase;
			buildActionMask = 2147483647;
			files = (
				828AB65E2A84C8F400E823BF /* LaunchScreen.storyboard in Resources */,
				828AB65B2A84C8F400E823BF /* Assets.xcassets in Resources */,
				828AB6592A84C8F300E823BF /* Main.storyboard in Resources */,
			);
			runOnlyForDeploymentPostprocessing = 0;
		};
		828AB6622A84C8F400E823BF /* Resources */ = {
			isa = PBXResourcesBuildPhase;
			buildActionMask = 2147483647;
			files = (
			);
			runOnlyForDeploymentPostprocessing = 0;
		};
		828AB66C2A84C8F400E823BF /* Resources */ = {
			isa = PBXResourcesBuildPhase;
			buildActionMask = 2147483647;
			files = (
			);
			runOnlyForDeploymentPostprocessing = 0;
		};
/* End PBXResourcesBuildPhase section */

/* Begin PBXSourcesBuildPhase section */
		828AB64A2A84C8F300E823BF /* Sources */ = {
			isa = PBXSourcesBuildPhase;
			buildActionMask = 2147483647;
			files = (
				828AB6562A84C8F300E823BF /* ViewController.swift in Sources */,
				828AB6522A84C8F300E823BF /* AppDelegate.swift in Sources */,
				828AB6542A84C8F300E823BF /* SceneDelegate.swift in Sources */,
			);
			runOnlyForDeploymentPostprocessing = 0;
		};
		828AB6602A84C8F400E823BF /* Sources */ = {
			isa = PBXSourcesBuildPhase;
			buildActionMask = 2147483647;
			files = (
				828AB6692A84C8F400E823BF /* Embeded_SoftwareTests.swift in Sources */,
			);
			runOnlyForDeploymentPostprocessing = 0;
		};
		828AB66A2A84C8F400E823BF /* Sources */ = {
			isa = PBXSourcesBuildPhase;
			buildActionMask = 2147483647;
			files = (
				828AB6752A84C8F400E823BF /* Embeded_SoftwareUITestsLaunchTests.swift in Sources */,
				828AB6732A84C8F400E823BF /* Embeded_SoftwareUITests.swift in Sources */,
			);
			runOnlyForDeploymentPostprocessing = 0;
		};
/* End PBXSourcesBuildPhase section */

/* Begin PBXTargetDependency section */
		828AB6662A84C8F400E823BF /* PBXTargetDependency */ = {
			isa = PBXTargetDependency;
			target = 828AB64D2A84C8F300E823BF /* Embeded_Software */;
			targetProxy = 828AB6652A84C8F400E823BF /* PBXContainerItemProxy */;
		};
		828AB6702A84C8F400E823BF /* PBXTargetDependency */ = {
			isa = PBXTargetDependency;
			target = 828AB64D2A84C8F300E823BF /* Embeded_Software */;
			targetProxy = 828AB66F2A84C8F400E823BF /* PBXContainerItemProxy */;
		};
/* End PBXTargetDependency section */

/* Begin PBXVariantGroup section */
		828AB6572A84C8F300E823BF /* Main.storyboard */ = {
			isa = PBXVariantGroup;
			children = (
				828AB6582A84C8F300E823BF /* Base */,
			);
			name = Main.storyboard;
			sourceTree = "<group>";
		};
		828AB65C2A84C8F400E823BF /* LaunchScreen.storyboard */ = {
			isa = PBXVariantGroup;
			children = (
				828AB65D2A84C8F400E823BF /* Base */,
			);
			name = LaunchScreen.storyboard;
			sourceTree = "<group>";
		};
/* End PBXVariantGroup section */

/* Begin XCBuildConfiguration section */
		828AB6762A84C8F400E823BF /* Debug */ = {
			isa = XCBuildConfiguration;
			buildSettings = {
				ALWAYS_SEARCH_USER_PATHS = NO;
				CLANG_ANALYZER_NONNULL = YES;
				CLANG_ANALYZER_NUMBER_OBJECT_CONVERSION = YES_AGGRESSIVE;
				CLANG_CXX_LANGUAGE_STANDARD = "gnu++20";
				CLANG_ENABLE_MODULES = YES;
				CLANG_ENABLE_OBJC_ARC = YES;
				CLANG_ENABLE_OBJC_WEAK = YES;
				CLANG_WARN_BLOCK_CAPTURE_AUTORELEASING = YES;
				CLANG_WARN_BOOL_CONVERSION = YES;
				CLANG_WARN_COMMA = YES;
				CLANG_WARN_CONSTANT_CONVERSION = YES;
				CLANG_WARN_DEPRECATED_OBJC_IMPLEMENTATIONS = YES;
				CLANG_WARN_DIRECT_OBJC_ISA_USAGE = YES_ERROR;
				CLANG_WARN_DOCUMENTATION_COMMENTS = YES;
				CLANG_WARN_EMPTY_BODY = YES;
				CLANG_WARN_ENUM_CONVERSION = YES;
				CLANG_WARN_INFINITE_RECURSION = YES;
				CLANG_WARN_INT_CONVERSION = YES;
				CLANG_WARN_NON_LITERAL_NULL_CONVERSION = YES;
				CLANG_WARN_OBJC_IMPLICIT_RETAIN_SELF = YES;
				CLANG_WARN_OBJC_LITERAL_CONVERSION = YES;
				CLANG_WARN_OBJC_ROOT_CLASS = YES_ERROR;
				CLANG_WARN_QUOTED_INCLUDE_IN_FRAMEWORK_HEADER = YES;
				CLANG_WARN_RANGE_LOOP_ANALYSIS = YES;
				CLANG_WARN_STRICT_PROTOTYPES = YES;
				CLANG_WARN_SUSPICIOUS_MOVE = YES;
				CLANG_WARN_UNGUARDED_AVAILABILITY = YES_AGGRESSIVE;
				CLANG_WARN_UNREACHABLE_CODE = YES;
				CLANG_WARN__DUPLICATE_METHOD_MATCH = YES;
				COPY_PHASE_STRIP = NO;
				DEBUG_INFORMATION_FORMAT = dwarf;
				ENABLE_STRICT_OBJC_MSGSEND = YES;
				ENABLE_TESTABILITY = YES;
				GCC_C_LANGUAGE_STANDARD = gnu11;
				GCC_DYNAMIC_NO_PIC = NO;
				GCC_NO_COMMON_BLOCKS = YES;
				GCC_OPTIMIZATION_LEVEL = 0;
				GCC_PREPROCESSOR_DEFINITIONS = (
					"DEBUG=1",
					"$(inherited)",
				);
				GCC_WARN_64_TO_32_BIT_CONVERSION = YES;
				GCC_WARN_ABOUT_RETURN_TYPE = YES_ERROR;
				GCC_WARN_UNDECLARED_SELECTOR = YES;
				GCC_WARN_UNINITIALIZED_AUTOS = YES_AGGRESSIVE;
				GCC_WARN_UNUSED_FUNCTION = YES;
				GCC_WARN_UNUSED_VARIABLE = YES;
				IPHONEOS_DEPLOYMENT_TARGET = 16.4;
				MTL_ENABLE_DEBUG_INFO = INCLUDE_SOURCE;
				MTL_FAST_MATH = YES;
				ONLY_ACTIVE_ARCH = YES;
				SDKROOT = iphoneos;
				SWIFT_ACTIVE_COMPILATION_CONDITIONS = DEBUG;
				SWIFT_OPTIMIZATION_LEVEL = "-Onone";
			};
			name = Debug;
		};
		828AB6772A84C8F400E823BF /* Release */ = {
			isa = XCBuildConfiguration;
			buildSettings = {
				ALWAYS_SEARCH_USER_PATHS = NO;
				CLANG_ANALYZER_NONNULL = YES;
				CLANG_ANALYZER_NUMBER_OBJECT_CONVERSION = YES_AGGRESSIVE;
				CLANG_CXX_LANGUAGE_STANDARD = "gnu++20";
				CLANG_ENABLE_MODULES = YES;
				CLANG_ENABLE_OBJC_ARC = YES;
				CLANG_ENABLE_OBJC_WEAK = YES;
				CLANG_WARN_BLOCK_CAPTURE_AUTORELEASING = YES;
				CLANG_WARN_BOOL_CONVERSION = YES;
				CLANG_WARN_COMMA = YES;
				CLANG_WARN_CONSTANT_CONVERSION = YES;
				CLANG_WARN_DEPRECATED_OBJC_IMPLEMENTATIONS = YES;
				CLANG_WARN_DIRECT_OBJC_ISA_USAGE = YES_ERROR;
				CLANG_WARN_DOCUMENTATION_COMMENTS = YES;
				CLANG_WARN_EMPTY_BODY = YES;
				CLANG_WARN_ENUM_CONVERSION = YES;
				CLANG_WARN_INFINITE_RECURSION = YES;
				CLANG_WARN_INT_CONVERSION = YES;
				CLANG_WARN_NON_LITERAL_NULL_CONVERSION = YES;
				CLANG_WARN_OBJC_IMPLICIT_RETAIN_SELF = YES;
				CLANG_WARN_OBJC_LITERAL_CONVERSION = YES;
				CLANG_WARN_OBJC_ROOT_CLASS = YES_ERROR;
				CLANG_WARN_QUOTED_INCLUDE_IN_FRAMEWORK_HEADER = YES;
				CLANG_WARN_RANGE_LOOP_ANALYSIS = YES;
				CLANG_WARN_STRICT_PROTOTYPES = YES;
				CLANG_WARN_SUSPICIOUS_MOVE = YES;
				CLANG_WARN_UNGUARDED_AVAILABILITY = YES_AGGRESSIVE;
				CLANG_WARN_UNREACHABLE_CODE = YES;
				CLANG_WARN__DUPLICATE_METHOD_MATCH = YES;
				COPY_PHASE_STRIP = NO;
				DEBUG_INFORMATION_FORMAT = "dwarf-with-dsym";
				ENABLE_NS_ASSERTIONS = NO;
				ENABLE_STRICT_OBJC_MSGSEND = YES;
				GCC_C_LANGUAGE_STANDARD = gnu11;
				GCC_NO_COMMON_BLOCKS = YES;
				GCC_WARN_64_TO_32_BIT_CONVERSION = YES;
				GCC_WARN_ABOUT_RETURN_TYPE = YES_ERROR;
				GCC_WARN_UNDECLARED_SELECTOR = YES;
				GCC_WARN_UNINITIALIZED_AUTOS = YES_AGGRESSIVE;
				GCC_WARN_UNUSED_FUNCTION = YES;
				GCC_WARN_UNUSED_VARIABLE = YES;
				IPHONEOS_DEPLOYMENT_TARGET = 16.4;
				MTL_ENABLE_DEBUG_INFO = NO;
				MTL_FAST_MATH = YES;
				SDKROOT = iphoneos;
				SWIFT_COMPILATION_MODE = wholemodule;
				SWIFT_OPTIMIZATION_LEVEL = "-O";
				VALIDATE_PRODUCT = YES;
			};
			name = Release;
		};
		828AB6792A84C8F400E823BF /* Debug */ = {
			isa = XCBuildConfiguration;
			buildSettings = {
				ASSETCATALOG_COMPILER_APPICON_NAME = AppIcon;
				ASSETCATALOG_COMPILER_GLOBAL_ACCENT_COLOR_NAME = AccentColor;
				CODE_SIGN_STYLE = Automatic;
				CURRENT_PROJECT_VERSION = 1;
				DEVELOPMENT_TEAM = 977C44PQHL;
				GENERATE_INFOPLIST_FILE = YES;
				INFOPLIST_FILE = Embeded_Software/Info.plist;
				INFOPLIST_KEY_UIApplicationSupportsIndirectInputEvents = YES;
				INFOPLIST_KEY_UILaunchStoryboardName = LaunchScreen;
				INFOPLIST_KEY_UIMainStoryboardFile = Main;
				INFOPLIST_KEY_UISupportedInterfaceOrientations_iPad = "UIInterfaceOrientationPortrait UIInterfaceOrientationPortraitUpsideDown UIInterfaceOrientationLandscapeLeft UIInterfaceOrientationLandscapeRight";
				INFOPLIST_KEY_UISupportedInterfaceOrientations_iPhone = "UIInterfaceOrientationPortrait UIInterfaceOrientationLandscapeLeft UIInterfaceOrientationLandscapeRight";
				IPHONEOS_DEPLOYMENT_TARGET = 16.4;
				LD_RUNPATH_SEARCH_PATHS = (
					"$(inherited)",
					"@executable_path/Frameworks",
				);
				MARKETING_VERSION = 1.0;
				PRODUCT_BUNDLE_IDENTIFIER = "tydevelopers.com.Embeded-Software";
				PRODUCT_NAME = "$(TARGET_NAME)";
				SWIFT_EMIT_LOC_STRINGS = YES;
				SWIFT_VERSION = 5.0;
				TARGETED_DEVICE_FAMILY = "1,2";
			};
			name = Debug;
		};
		828AB67A2A84C8F400E823BF /* Release */ = {
			isa = XCBuildConfiguration;
			buildSettings = {
				ASSETCATALOG_COMPILER_APPICON_NAME = AppIcon;
				ASSETCATALOG_COMPILER_GLOBAL_ACCENT_COLOR_NAME = AccentColor;
				CODE_SIGN_STYLE = Automatic;
				CURRENT_PROJECT_VERSION = 1;
				DEVELOPMENT_TEAM = 977C44PQHL;
				GENERATE_INFOPLIST_FILE = YES;
				INFOPLIST_FILE = Embeded_Software/Info.plist;
				INFOPLIST_KEY_UIApplicationSupportsIndirectInputEvents = YES;
				INFOPLIST_KEY_UILaunchStoryboardName = LaunchScreen;
				INFOPLIST_KEY_UIMainStoryboardFile = Main;
				INFOPLIST_KEY_UISupportedInterfaceOrientations_iPad = "UIInterfaceOrientationPortrait UIInterfaceOrientationPortraitUpsideDown UIInterfaceOrientationLandscapeLeft UIInterfaceOrientationLandscapeRight";
				INFOPLIST_KEY_UISupportedInterfaceOrientations_iPhone = "UIInterfaceOrientationPortrait UIInterfaceOrientationLandscapeLeft UIInterfaceOrientationLandscapeRight";
				IPHONEOS_DEPLOYMENT_TARGET = 16.4;
				LD_RUNPATH_SEARCH_PATHS = (
					"$(inherited)",
					"@executable_path/Frameworks",
				);
				MARKETING_VERSION = 1.0;
				PRODUCT_BUNDLE_IDENTIFIER = "tydevelopers.com.Embeded-Software";
				PRODUCT_NAME = "$(TARGET_NAME)";
				SWIFT_EMIT_LOC_STRINGS = YES;
				SWIFT_VERSION = 5.0;
				TARGETED_DEVICE_FAMILY = "1,2";
			};
			name = Release;
		};
		828AB67C2A84C8F400E823BF /* Debug */ = {
			isa = XCBuildConfiguration;
			buildSettings = {
				ALWAYS_EMBED_SWIFT_STANDARD_LIBRARIES = YES;
				BUNDLE_LOADER = "$(TEST_HOST)";
				CODE_SIGN_STYLE = Automatic;
				CURRENT_PROJECT_VERSION = 1;
				DEVELOPMENT_TEAM = 977C44PQHL;
				GENERATE_INFOPLIST_FILE = YES;
				IPHONEOS_DEPLOYMENT_TARGET = 16.4;
				MARKETING_VERSION = 1.0;
				PRODUCT_BUNDLE_IDENTIFIER = "tydevelopers.com.Embeded-SoftwareTests";
				PRODUCT_NAME = "$(TARGET_NAME)";
				SWIFT_EMIT_LOC_STRINGS = NO;
				SWIFT_VERSION = 5.0;
				TARGETED_DEVICE_FAMILY = "1,2";
				TEST_HOST = "$(BUILT_PRODUCTS_DIR)/Embeded_Software.app/$(BUNDLE_EXECUTABLE_FOLDER_PATH)/Embeded_Software";
			};
			name = Debug;
		};
		828AB67D2A84C8F400E823BF /* Release */ = {
			isa = XCBuildConfiguration;
			buildSettings = {
				ALWAYS_EMBED_SWIFT_STANDARD_LIBRARIES = YES;
				BUNDLE_LOADER = "$(TEST_HOST)";
				CODE_SIGN_STYLE = Automatic;
				CURRENT_PROJECT_VERSION = 1;
				DEVELOPMENT_TEAM = 977C44PQHL;
				GENERATE_INFOPLIST_FILE = YES;
				IPHONEOS_DEPLOYMENT_TARGET = 16.4;
				MARKETING_VERSION = 1.0;
				PRODUCT_BUNDLE_IDENTIFIER = "tydevelopers.com.Embeded-SoftwareTests";
				PRODUCT_NAME = "$(TARGET_NAME)";
				SWIFT_EMIT_LOC_STRINGS = NO;
				SWIFT_VERSION = 5.0;
				TARGETED_DEVICE_FAMILY = "1,2";
				TEST_HOST = "$(BUILT_PRODUCTS_DIR)/Embeded_Software.app/$(BUNDLE_EXECUTABLE_FOLDER_PATH)/Embeded_Software";
			};
			name = Release;
		};
		828AB67F2A84C8F400E823BF /* Debug */ = {
			isa = XCBuildConfiguration;
			buildSettings = {
				ALWAYS_EMBED_SWIFT_STANDARD_LIBRARIES = YES;
				CODE_SIGN_STYLE = Automatic;
				CURRENT_PROJECT_VERSION = 1;
				DEVELOPMENT_TEAM = 977C44PQHL;
				GENERATE_INFOPLIST_FILE = YES;
				MARKETING_VERSION = 1.0;
				PRODUCT_BUNDLE_IDENTIFIER = "tydevelopers.com.Embeded-SoftwareUITests";
				PRODUCT_NAME = "$(TARGET_NAME)";
				SWIFT_EMIT_LOC_STRINGS = NO;
				SWIFT_VERSION = 5.0;
				TARGETED_DEVICE_FAMILY = "1,2";
				TEST_TARGET_NAME = Embeded_Software;
			};
			name = Debug;
		};
		828AB6802A84C8F400E823BF /* Release */ = {
			isa = XCBuildConfiguration;
			buildSettings = {
				ALWAYS_EMBED_SWIFT_STANDARD_LIBRARIES = YES;
				CODE_SIGN_STYLE = Automatic;
				CURRENT_PROJECT_VERSION = 1;
				DEVELOPMENT_TEAM = 977C44PQHL;
				GENERATE_INFOPLIST_FILE = YES;
				MARKETING_VERSION = 1.0;
				PRODUCT_BUNDLE_IDENTIFIER = "tydevelopers.com.Embeded-SoftwareUITests";
				PRODUCT_NAME = "$(TARGET_NAME)";
				SWIFT_EMIT_LOC_STRINGS = NO;
				SWIFT_VERSION = 5.0;
				TARGETED_DEVICE_FAMILY = "1,2";
				TEST_TARGET_NAME = Embeded_Software;
			};
			name = Release;
		};
/* End XCBuildConfiguration section */

/* Begin XCConfigurationList section */
		828AB6492A84C8F300E823BF /* Build configuration list for PBXProject "Embeded_Software" */ = {
			isa = XCConfigurationList;
			buildConfigurations = (
				828AB6762A84C8F400E823BF /* Debug */,
				828AB6772A84C8F400E823BF /* Release */,
			);
			defaultConfigurationIsVisible = 0;
			defaultConfigurationName = Release;
		};
		828AB6782A84C8F400E823BF /* Build configuration list for PBXNativeTarget "Embeded_Software" */ = {
			isa = XCConfigurationList;
			buildConfigurations = (
				828AB6792A84C8F400E823BF /* Debug */,
				828AB67A2A84C8F400E823BF /* Release */,
			);
			defaultConfigurationIsVisible = 0;
			defaultConfigurationName = Release;
		};
		828AB67B2A84C8F400E823BF /* Build configuration list for PBXNativeTarget "Embeded_SoftwareTests" */ = {
			isa = XCConfigurationList;
			buildConfigurations = (
				828AB67C2A84C8F400E823BF /* Debug */,
				828AB67D2A84C8F400E823BF /* Release */,
			);
			defaultConfigurationIsVisible = 0;
			defaultConfigurationName = Release;
		};
		828AB67E2A84C8F400E823BF /* Build configuration list for PBXNativeTarget "Embeded_SoftwareUITests" */ = {
			isa = XCConfigurationList;
			buildConfigurations = (
				828AB67F2A84C8F400E823BF /* Debug */,
				828AB6802A84C8F400E823BF /* Release */,
			);
			defaultConfigurationIsVisible = 0;
			defaultConfigurationName = Release;
		};
/* End XCConfigurationList section */
	};
	rootObject = 828AB6462A84C8F300E823BF /* Project object */;
}
